
Microsoft Visual Studio Solution File, Format Version 12.00
# Visual Studio 2012
Project("{FAE04EC0-301F-11D3-BF4B-00C04F79EFBC}") = "GoogleCalendarAPIv3", "GoogleCalendarAPIv3\GoogleCalendarAPIv3.csproj", "{1C095A4D-3B2F-4ACC-9C47-114E1237B659}"
EndProject
Global
	GlobalSection(SolutionConfigurationPlatforms) = preSolution
		Debug|Any CPU = Debug|Any CPU
		Release|Any CPU = Release|Any CPU
	EndGlobalSection
	GlobalSection(ProjectConfigurationPlatforms) = postSolution
		{1C095A4D-3B2F-4ACC-9C47-114E1237B659}.Debug|Any CPU.ActiveCfg = Debug|Any CPU
		{1C095A4D-3B2F-4ACC-9C47-114E1237B659}.Debug|Any CPU.Build.0 = Debug|Any CPU
		{1C095A4D-3B2F-4ACC-9C47-114E1237B659}.Release|Any CPU.ActiveCfg = Release|Any CPU
		{1C095A4D-3B2F-4ACC-9C47-114E1237B659}.Release|Any CPU.Build.0 = Release|Any CPU
	EndGlobalSection
	GlobalSection(SolutionProperties) = preSolution
		HideSolutionNode = FALSE
	EndGlobalSection
EndGlobal
